Microsoft Visual Studio Solution File, Format Version 12.00
# Visual Studio Version 17
VisualStudioVersion = 17.3.32825.248
MinimumVisualStudioVersion = 10.0.40219.1
Project("{9A19103F-16F7-4668-BE54-9A1E7A4F7556}") = "charge_box.classes", "charge_box.classes\charge_box.classes.csproj", "{34077914-8A8F-4792-AE54-0F6CC1B35267}"
EndProject
Project("{9A19103F-16F7-4668-BE54-9A1E7A4F7556}") = "charge_box.test", "charge_box.test\charge_box.test.csproj", "{D70409BA-8D8A-425E-BE27-12D15B1316BA}"
EndProject
Global
	GlobalSection(SolutionConfigurationPlatforms) = preSolution
		Debug|Any CPU = Debug|Any CPU
		Release|Any CPU = Release|Any CPU
	EndGlobalSection
	GlobalSection(ProjectConfigurationPlatforms) = postSolution
		{34077914-8A8F-4792-AE54-0F6CC1B35267}.Debug|Any CPU.ActiveCfg = Debug|Any CPU
		{34077914-8A8F-4792-AE54-0F6CC1B35267}.Debug|Any CPU.Build.0 = Debug|Any CPU
		{34077914-8A8F-4792-AE54-0F6CC1B35267}.Release|Any CPU.ActiveCfg = Release|Any CPU
		{34077914-8A8F-4792-AE54-0F6CC1B35267}.Release|Any CPU.Build.0 = Release|Any CPU
		{D70409BA-8D8A-425E-BE27-12D15B1316BA}.Debug|Any CPU.ActiveCfg = Debug|Any CPU
		{D70409BA-8D8A-425E-BE27-12D15B1316BA}.Debug|Any CPU.Build.0 = Debug|Any CPU
		{D70409BA-8D8A-425E-BE27-12D15B1316BA}.Release|Any CPU.ActiveCfg = Release|Any CPU
		{D70409BA-8D8A-425E-BE27-12D15B1316BA}.Release|Any CPU.Build.0 = Release|Any CPU
	EndGlobalSection
	GlobalSection(SolutionProperties) = preSolution
		HideSolutionNode = FALSE
	EndGlobalSection
	GlobalSection(ExtensibilityGlobals) = postSolution
		SolutionGuid = {F21F0F7C-0317-42A5-87AC-C2BA28F6BD48}
	EndGlobalSection
EndGlobal
